dependencies:
  espressif/cjson:
    component_hash: e788323270d90738662d66fffa910bfe1fba019bba087f01557e70c40485b469
    dependencies:
    - name: idf
      require: private
      version: '>=5.0'
    source:
      registry_url: https://components.espressif.com/
      type: service
    version: 1.7.19~2
  idf:
    source:
      type: idf
    version: 6.1.0
direct_dependencies:
- espressif/cjson
- idf
manifest_hash: 33d6b338ad374c4a7ec5b76d6c8cee0697f883561ca1ce70772d686b5e677a4d
target: esp32s3
version: 3.0.0
